// !$*UTF8*$!
{
	archiveVersion = 1;
	classes = {
	};
	objectVersion = 46;
	objects = {

/* Begin PBXBuildFile section */
		98202C591F3DA43400BC68CC /* main.m in Sources */ = {isa = PBXBuildFile; fileRef = 98202C581F3DA43400BC68CC /* main.m */; };
		98202C5C1F3DA43400BC68CC /* AppDelegate.m in Sources */ = {isa = PBXBuildFile; fileRef = 98202C5B1F3DA43400BC68CC /* AppDelegate.m */; };
		98202C5F1F3DA43400BC68CC /* YMAArtPlaceVC.m in Sources */ = {isa = PBXBuildFile; fileRef = 98202C5E1F3DA43400BC68CC /* YMAArtPlaceVC.m */; };
		98202C621F3DA43400BC68CC /* Main.storyboard in Resources */ = {isa = PBXBuildFile; fileRef = 98202C601F3DA43400BC68CC /* Main.storyboard */; };
		98202C641F3DA43400BC68CC /* Assets.xcassets in Resources */ = {isa = PBXBuildFile; fileRef = 98202C631F3DA43400BC68CC /* Assets.xcassets */; };
		98202C671F3DA43400BC68CC /* LaunchScreen.storyboard in Resources */ = {isa = PBXBuildFile; fileRef = 98202C651F3DA43400BC68CC /* LaunchScreen.storyboard */; };
		98202C701F3DA5FC00BC68CC /* MapKit.framework in Frameworks */ = {isa = PBXBuildFile; fileRef = 98202C6F1F3DA5FC00BC68CC /* MapKit.framework */; };
		98202C721F3DA61400BC68CC /* CoreLocation.framework in Frameworks */ = {isa = PBXBuildFile; fileRef = 98202C711F3DA61400BC68CC /* CoreLocation.framework */; };
		98202C741F3DB3C400BC68CC /* PublicArt.json in Resources */ = {isa = PBXBuildFile; fileRef = 98202C731F3DB3C400BC68CC /* PublicArt.json */; };
		98202C7A1F3DC42B00BC68CC /* YMAPinAnnotationDetailed.m in Sources */ = {isa = PBXBuildFile; fileRef = 98202C791F3DC42B00BC68CC /* YMAPinAnnotationDetailed.m */; };
/* End PBXBuildFile section */

/* Begin PBXFileReference section */
		98202C541F3DA43400BC68CC /* ArtPlace.app */ = {isa = PBXFileReference; explicitFileType = wrapper.application; includeInIndex = 0; path = ArtPlace.app; sourceTree = BUILT_PRODUCTS_DIR; };
		98202C581F3DA43400BC68CC /* main.m */ = {isa = PBXFileReference; lastKnownFileType = sourcecode.c.objc; path = main.m; sourceTree = "<group>"; };
		98202C5A1F3DA43400BC68CC /* AppDelegate.h */ = {isa = PBXFileReference; lastKnownFileType = sourcecode.c.h; path = AppDelegate.h; sourceTree = "<group>"; };
		98202C5B1F3DA43400BC68CC /* AppDelegate.m */ = {isa = PBXFileReference; lastKnownFileType = sourcecode.c.objc; path = AppDelegate.m; sourceTree = "<group>"; };
		98202C5D1F3DA43400BC68CC /* YMAArtPlaceVC.h */ = {isa = PBXFileReference; lastKnownFileType = sourcecode.c.h; path = YMAArtPlaceVC.h; sourceTree = "<group>"; };
		98202C5E1F3DA43400BC68CC /* YMAArtPlaceVC.m */ = {isa = PBXFileReference; lastKnownFileType = sourcecode.c.objc; path = YMAArtPlaceVC.m; sourceTree = "<group>"; };
		98202C611F3DA43400BC68CC /* Base */ = {isa = PBXFileReference; lastKnownFileType = file.storyboard; name = Base; path = Base.lproj/Main.storyboard; sourceTree = "<group>"; };
		98202C631F3DA43400BC68CC /* Assets.xcassets */ = {isa = PBXFileReference; lastKnownFileType = folder.assetcatalog; path = Assets.xcassets; sourceTree = "<group>"; };
		98202C661F3DA43400BC68CC /* Base */ = {isa = PBXFileReference; lastKnownFileType = file.storyboard; name = Base; path = Base.lproj/LaunchScreen.storyboard; sourceTree = "<group>"; };
		98202C681F3DA43400BC68CC /* Info.plist */ = {isa = PBXFileReference; lastKnownFileType = text.plist.xml; path = Info.plist; sourceTree = "<group>"; };
		98202C6F1F3DA5FC00BC68CC /* MapKit.framework */ = {isa = PBXFileReference; lastKnownFileType = wrapper.framework; name = MapKit.framework; path = System/Library/Frameworks/MapKit.framework; sourceTree = SDKROOT; };
		98202C711F3DA61400BC68CC /* CoreLocation.framework */ = {isa = PBXFileReference; lastKnownFileType = wrapper.framework; name = CoreLocation.framework; path = System/Library/Frameworks/CoreLocation.framework; sourceTree = SDKROOT; };
		98202C731F3DB3C400BC68CC /* PublicArt.json */ = {isa = PBXFileReference; fileEncoding = 4; lastKnownFileType = text.json; path = PublicArt.json; sourceTree = "<group>"; };
		98202C781F3DC42B00BC68CC /* YMAPinAnnotationDetailed.h */ = {isa = PBXFileReference; fileEncoding = 4; lastKnownFileType = sourcecode.c.h; path = YMAPinAnnotationDetailed.h; sourceTree = "<group>"; };
		98202C791F3DC42B00BC68CC /* YMAPinAnnotationDetailed.m */ = {isa = PBXFileReference; fileEncoding = 4; lastKnownFileType = sourcecode.c.objc; path = YMAPinAnnotationDetailed.m; sourceTree = "<group>"; };
/* End PBXFileReference section */

/* Begin PBXFrameworksBuildPhase section */
		98202C511F3DA43400BC68CC /* Frameworks */ = {
			isa = PBXFrameworksBuildPhase;
			buildActionMask = 2147483647;
			files = (
				98202C721F3DA61400BC68CC /* CoreLocation.framework in Frameworks */,
				98202C701F3DA5FC00BC68CC /* MapKit.framework in Frameworks */,
			);
			runOnlyForDeploymentPostprocessing = 0;
		};
/* End PBXFrameworksBuildPhase section */

/* Begin PBXGroup section */
		98202C4B1F3DA43400BC68CC = {
			isa = PBXGroup;
			children = (
				98202C561F3DA43400BC68CC /* ArtPlace */,
				98202C551F3DA43400BC68CC /* Products */,
				98202C6E1F3DA5FB00BC68CC /* Frameworks */,
			);
			sourceTree = "<group>";
		};
		98202C551F3DA43400BC68CC /* Products */ = {
			isa = PBXGroup;
			children = (
				98202C541F3DA43400BC68CC /* ArtPlace.app */,
			);
			name = Products;
			sourceTree = "<group>";
		};
		98202C561F3DA43400BC68CC /* ArtPlace */ = {
			isa = PBXGroup;
			children = (
				98202C5A1F3DA43400BC68CC /* AppDelegate.h */,
				98202C5B1F3DA43400BC68CC /* AppDelegate.m */,
				98202C5D1F3DA43400BC68CC /* YMAArtPlaceVC.h */,
				98202C5E1F3DA43400BC68CC /* YMAArtPlaceVC.m */,
				98202C781F3DC42B00BC68CC /* YMAPinAnnotationDetailed.h */,
				98202C791F3DC42B00BC68CC /* YMAPinAnnotationDetailed.m */,
				98202C601F3DA43400BC68CC /* Main.storyboard */,
				98202C631F3DA43400BC68CC /* Assets.xcassets */,
				98202C651F3DA43400BC68CC /* LaunchScreen.storyboard */,
				98202C681F3DA43400BC68CC /* Info.plist */,
				98202C571F3DA43400BC68CC /* Supporting Files */,
			);
			path = ArtPlace;
			sourceTree = "<group>";
		};
		98202C571F3DA43400BC68CC /* Supporting Files */ = {
			isa = PBXGroup;
			children = (
				98202C731F3DB3C400BC68CC /* PublicArt.json */,
				98202C581F3DA43400BC68CC /* main.m */,
			);
			name = "Supporting Files";
			sourceTree = "<group>";
		};
		98202C6E1F3DA5FB00BC68CC /* Frameworks */ = {
			isa = PBXGroup;
			children = (
				98202C711F3DA61400BC68CC /* CoreLocation.framework */,
				98202C6F1F3DA5FC00BC68CC /* MapKit.framework */,
			);
			name = Frameworks;
			sourceTree = "<group>";
		};
/* End PBXGroup section */

/* Begin PBXNativeTarget section */
		98202C531F3DA43400BC68CC /* ArtPlace */ = {
			isa = PBXNativeTarget;
			buildConfigurationList = 98202C6B1F3DA43400BC68CC /* Build configuration list for PBXNativeTarget "ArtPlace" */;
			buildPhases = (
				98202C501F3DA43400BC68CC /* Sources */,
				98202C511F3DA43400BC68CC /* Frameworks */,
				98202C521F3DA43400BC68CC /* Resources */,
			);
			buildRules = (
			);
			dependencies = (
			);
			name = ArtPlace;
			productName = ArtPlace;
			productReference = 98202C541F3DA43400BC68CC /* ArtPlace.app */;
			productType = "com.apple.product-type.application";
		};
/* End PBXNativeTarget section */

/* Begin PBXProject section */
		98202C4C1F3DA43400BC68CC /* Project object */ = {
			isa = PBXProject;
			attributes = {
				CLASSPREFIX = YMA;
				LastUpgradeCheck = 0830;
				ORGANIZATIONNAME = "Mikhail Yaskou";
				TargetAttributes = {
					98202C531F3DA43400BC68CC = {
						CreatedOnToolsVersion = 8.3.3;
						DevelopmentTeam = USB64ZNNP6;
						ProvisioningStyle = Automatic;
					};
				};
			};
			buildConfigurationList = 98202C4F1F3DA43400BC68CC /* Build configuration list for PBXProject "ArtPlace" */;
			compatibilityVersion = "Xcode 3.2";
			developmentRegion = English;
			hasScannedForEncodings = 0;
			knownRegions = (
				en,
				Base,
			);
			mainGroup = 98202C4B1F3DA43400BC68CC;
			productRefGroup = 98202C551F3DA43400BC68CC /* Products */;
			projectDirPath = "";
			projectRoot = "";
			targets = (
				98202C531F3DA43400BC68CC /* ArtPlace */,
			);
		};
/* End PBXProject section */

/* Begin PBXResourcesBuildPhase section */
		98202C521F3DA43400BC68CC /* Resources */ = {
			isa = PBXResourcesBuildPhase;
			buildActionMask = 2147483647;
			files = (
				98202C741F3DB3C400BC68CC /* PublicArt.json in Resources */,
				98202C671F3DA43400BC68CC /* LaunchScreen.storyboard in Resources */,
				98202C641F3DA43400BC68CC /* Assets.xcassets in Resources */,
				98202C621F3DA43400BC68CC /* Main.storyboard in Resources */,
			);
			runOnlyForDeploymentPostprocessing = 0;
		};
/* End PBXResourcesBuildPhase section */

/* Begin PBXSourcesBuildPhase section */
		98202C501F3DA43400BC68CC /* Sources */ = {
			isa = PBXSourcesBuildPhase;
			buildActionMask = 2147483647;
			files = (
				98202C5F1F3DA43400BC68CC /* YMAArtPlaceVC.m in Sources */,
				98202C5C1F3DA43400BC68CC /* AppDelegate.m in Sources */,
				98202C7A1F3DC42B00BC68CC /* YMAPinAnnotationDetailed.m in Sources */,
				98202C591F3DA43400BC68CC /* main.m in Sources */,
			);
			runOnlyForDeploymentPostprocessing = 0;
		};
/* End PBXSourcesBuildPhase section */

/* Begin PBXVariantGroup section */
		98202C601F3DA43400BC68CC /* Main.storyboard */ = {
			isa = PBXVariantGroup;
			children = (
				98202C611F3DA43400BC68CC /* Base */,
			);
			name = Main.storyboard;
			sourceTree = "<group>";
		};
		98202C651F3DA43400BC68CC /* LaunchScreen.storyboard */ = {
			isa = PBXVariantGroup;
			children = (
				98202C661F3DA43400BC68CC /* Base */,
			);
			name = LaunchScreen.storyboard;
			sourceTree = "<group>";
		};
/* End PBXVariantGroup section */

/* Begin XCBuildConfiguration section */
		98202C691F3DA43400BC68CC /* Debug */ = {
			isa = XCBuildConfiguration;
			buildSettings = {
				ALWAYS_SEARCH_USER_PATHS = NO;
				CLANG_ANALYZER_NONNULL = YES;
				CLANG_ANALYZER_NUMBER_OBJECT_CONVERSION = YES_AGGRESSIVE;
				CLANG_CXX_LANGUAGE_STANDARD = "gnu++0x";
				CLANG_CXX_LIBRARY = "libc++";
				CLANG_ENABLE_MODULES = YES;
				CLANG_ENABLE_OBJC_ARC = YES;
				CLANG_WARN_BOOL_CONVERSION = YES;
				CLANG_WARN_CONSTANT_CONVERSION = YES;
				CLANG_WARN_DIRECT_OBJC_ISA_USAGE = YES_ERROR;
				CLANG_WARN_DOCUMENTATION_COMMENTS = YES;
				CLANG_WARN_EMPTY_BODY = YES;
				CLANG_WARN_ENUM_CONVERSION = YES;
				CLANG_WARN_INFINITE_RECURSION = YES;
				CLANG_WARN_INT_CONVERSION = YES;
				CLANG_WARN_OBJC_ROOT_CLASS = YES_ERROR;
				CLANG_WARN_SUSPICIOUS_MOVE = YES;
				CLANG_WARN_UNREACHABLE_CODE = YES;
				CLANG_WARN__DUPLICATE_METHOD_MATCH = YES;
				"CODE_SIGN_IDENTITY[sdk=iphoneos*]" = "iPhone Developer";
				COPY_PHASE_STRIP = NO;
				DEBUG_INFORMATION_FORMAT = dwarf;
				ENABLE_STRICT_OBJC_MSGSEND = YES;
				ENABLE_TESTABILITY = YES;
				GCC_C_LANGUAGE_STANDARD = gnu99;
				GCC_DYNAMIC_NO_PIC = NO;
				GCC_NO_COMMON_BLOCKS = YES;
				GCC_OPTIMIZATION_LEVEL = 0;
				GCC_PREPROCESSOR_DEFINITIONS = (
					"DEBUG=1",
					"$(inherited)",
				);
				GCC_WARN_64_TO_32_BIT_CONVERSION = YES;
				GCC_WARN_ABOUT_RETURN_TYPE = YES_ERROR;
				GCC_WARN_UNDECLARED_SELECTOR = YES;
				GCC_WARN_UNINITIALIZED_AUTOS = YES_AGGRESSIVE;
				GCC_WARN_UNUSED_FUNCTION = YES;
				GCC_WARN_UNUSED_VARIABLE = YES;
				IPHONEOS_DEPLOYMENT_TARGET = 10.3;
				MTL_ENABLE_DEBUG_INFO = YES;
				ONLY_ACTIVE_ARCH = YES;
				SDKROOT = iphoneos;
				TARGETED_DEVICE_FAMILY = "1,2";
			};
			name = Debug;
		};
		98202C6A1F3DA43400BC68CC /* Release */ = {
			isa = XCBuildConfiguration;
			buildSettings = {
				ALWAYS_SEARCH_USER_PATHS = NO;
				CLANG_ANALYZER_NONNULL = YES;
				CLANG_ANALYZER_NUMBER_OBJECT_CONVERSION = YES_AGGRESSIVE;
				CLANG_CXX_LANGUAGE_STANDARD = "gnu++0x";
				CLANG_CXX_LIBRARY = "libc++";
				CLANG_ENABLE_MODULES = YES;
				CLANG_ENABLE_OBJC_ARC = YES;
				CLANG_WARN_BOOL_CONVERSION = YES;
				CLANG_WARN_CONSTANT_CONVERSION = YES;
				CLANG_WARN_DIRECT_OBJC_ISA_USAGE = YES_ERROR;
				CLANG_WARN_DOCUMENTATION_COMMENTS = YES;
				CLANG_WARN_EMPTY_BODY = YES;
				CLANG_WARN_ENUM_CONVERSION = YES;
				CLANG_WARN_INFINITE_RECURSION = YES;
				CLANG_WARN_INT_CONVERSION = YES;
				CLANG_WARN_OBJC_ROOT_CLASS = YES_ERROR;
				CLANG_WARN_SUSPICIOUS_MOVE = YES;
				CLANG_WARN_UNREACHABLE_CODE = YES;
				CLANG_WARN__DUPLICATE_METHOD_MATCH = YES;
				"CODE_SIGN_IDENTITY[sdk=iphoneos*]" = "iPhone Developer";
				COPY_PHASE_STRIP = NO;
				DEBUG_INFORMATION_FORMAT = "dwarf-with-dsym";
				ENABLE_NS_ASSERTIONS = NO;
				ENABLE_STRICT_OBJC_MSGSEND = YES;
				GCC_C_LANGUAGE_STANDARD = gnu99;
				GCC_NO_COMMON_BLOCKS = YES;
				GCC_WARN_64_TO_32_BIT_CONVERSION = YES;
				GCC_WARN_ABOUT_RETURN_TYPE = YES_ERROR;
				GCC_WARN_UNDECLARED_SELECTOR = YES;
				GCC_WARN_UNINITIALIZED_AUTOS = YES_AGGRESSIVE;
				GCC_WARN_UNUSED_FUNCTION = YES;
				GCC_WARN_UNUSED_VARIABLE = YES;
				IPHONEOS_DEPLOYMENT_TARGET = 10.3;
				MTL_ENABLE_DEBUG_INFO = NO;
				SDKROOT = iphoneos;
				TARGETED_DEVICE_FAMILY = "1,2";
				VALIDATE_PRODUCT = YES;
			};
			name = Release;
		};
		98202C6C1F3DA43400BC68CC /* Debug */ = {
			isa = XCBuildConfiguration;
			buildSettings = {
				ASSETCATALOG_COMPILER_APPICON_NAME = AppIcon;
				DEVELOPMENT_TEAM = USB64ZNNP6;
				INFOPLIST_FILE = ArtPlace/Info.plist;
				LD_RUNPATH_SEARCH_PATHS = "$(inherited) @executable_path/Frameworks";
				PRODUCT_BUNDLE_IDENTIFIER = YMA.ArtPlace;
				PRODUCT_NAME = "$(TARGET_NAME)";
			};
			name = Debug;
		};
		98202C6D1F3DA43400BC68CC /* Release */ = {
			isa = XCBuildConfiguration;
			buildSettings = {
				ASSETCATALOG_COMPILER_APPICON_NAME = AppIcon;
				DEVELOPMENT_TEAM = USB64ZNNP6;
				INFOPLIST_FILE = ArtPlace/Info.plist;
				LD_RUNPATH_SEARCH_PATHS = "$(inherited) @executable_path/Frameworks";
				PRODUCT_BUNDLE_IDENTIFIER = YMA.ArtPlace;
				PRODUCT_NAME = "$(TARGET_NAME)";
			};
			name = Release;
		};
/* End XCBuildConfiguration section */

/* Begin XCConfigurationList section */
		98202C4F1F3DA43400BC68CC /* Build configuration list for PBXProject "ArtPlace" */ = {
			isa = XCConfigurationList;
			buildConfigurations = (
				98202C691F3DA43400BC68CC /* Debug */,
				98202C6A1F3DA43400BC68CC /* Release */,
			);
			defaultConfigurationIsVisible = 0;
			defaultConfigurationName = Release;
		};
		98202C6B1F3DA43400BC68CC /* Build configuration list for PBXNativeTarget "ArtPlace" */ = {
			isa = XCConfigurationList;
			buildConfigurations = (
				98202C6C1F3DA43400BC68CC /* Debug */,
				98202C6D1F3DA43400BC68CC /* Release */,
			);
			defaultConfigurationIsVisible = 0;
		};
/* End XCConfigurationList section */
	};
	rootObject = 98202C4C1F3DA43400BC68CC /* Project object */;
}
